
Microsoft Visual Studio Solution File, Format Version 12.00
# Visual Studio Version 16
VisualStudioVersion = 16.0.29230.47
MinimumVisualStudioVersion = 10.0.40219.1
Project("{8BC9CEB8-8B4A-11D0-8D11-00A0C91BC942}") = "MathClient", "MathClient\MathClient.vcxproj", "{446163B4-4548-4962-BA24-C9FF0956A807}"
EndProject
Global
	GlobalSection(SolutionConfigurationPlatforms) = preSolution
		Debug|x64 = Debug|x64
		Debug|x86 = Debug|x86
		Release|x64 = Release|x64
		Release|x86 = Release|x86
	EndGlobalSection
	GlobalSection(ProjectConfigurationPlatforms) = postSolution
		{446163B4-4548-4962-BA24-C9FF0956A807}.Debug|x64.ActiveCfg = Debug|x64
		{446163B4-4548-4962-BA24-C9FF0956A807}.Debug|x64.Build.0 = Debug|x64
		{446163B4-4548-4962-BA24-C9FF0956A807}.Debug|x86.ActiveCfg = Debug|Win32
		{446163B4-4548-4962-BA24-C9FF0956A807}.Debug|x86.Build.0 = Debug|Win32
		{446163B4-4548-4962-BA24-C9FF0956A807}.Release|x64.ActiveCfg = Release|x64
		{446163B4-4548-4962-BA24-C9FF0956A807}.Release|x64.Build.0 = Release|x64
		{446163B4-4548-4962-BA24-C9FF0956A807}.Release|x86.ActiveCfg = Release|Win32
		{446163B4-4548-4962-BA24-C9FF0956A807}.Release|x86.Build.0 = Release|Win32
	EndGlobalSection
	GlobalSection(SolutionProperties) = preSolution
		HideSolutionNode = FALSE
	EndGlobalSection
	GlobalSection(ExtensibilityGlobals) = postSolution
		SolutionGuid = {72C12F2C-13A9-40A8-BF81-8D5EE75E617E}
	EndGlobalSection
EndGlobal
